
Microsoft Visual Studio Solution File, Format Version 12.00
# Visual Studio 15
VisualStudioVersion = 15.0.28307.572
MinimumVisualStudioVersion = 10.0.40219.1
Project("{FAE04EC0-301F-11D3-BF4B-00C04F79EFBC}") = "RegistrationForm", "RegistrationForm\RegistrationForm.csproj", "{245AAA55-4AC5-491D-8A12-321002261BC3}"
EndProject
Global
	GlobalSection(SolutionConfigurationPlatforms) = preSolution
		Debug|Any CPU = Debug|Any CPU
		Release|Any CPU = Release|Any CPU
	EndGlobalSection
	GlobalSection(ProjectConfigurationPlatforms) = postSolution
		{245AAA55-4AC5-491D-8A12-321002261BC3}.Debug|Any CPU.ActiveCfg = Debug|Any CPU
		{245AAA55-4AC5-491D-8A12-321002261BC3}.Debug|Any CPU.Build.0 = Debug|Any CPU
		{245AAA55-4AC5-491D-8A12-321002261BC3}.Release|Any CPU.ActiveCfg = Release|Any CPU
		{245AAA55-4AC5-491D-8A12-321002261BC3}.Release|Any CPU.Build.0 = Release|Any CPU
	EndGlobalSection
	GlobalSection(SolutionProperties) = preSolution
		HideSolutionNode = FALSE
	EndGlobalSection
	GlobalSection(ExtensibilityGlobals) = postSolution
		SolutionGuid = {D3BD2563-C64F-408A-8B3E-6DA9837B9AB3}
	EndGlobalSection
EndGlobal
